# This file is automatically @generated by Cargo.
# It is not intended for manual editing.
# Gerado manualmente para fixar versoes compativeis com Rust 1.88+
version = 3

[[package]]
name = "api"
version = "0.1.0"

[[package]]
name = "time-core"
version = "0.1.2"
source = "registry+https://github.com/rust-lang/crates.io-index"
checksum = "ef927ca75afb808a4d64dd374f00a2adf8d0fcff8e7b184af886c3c87ec4a3f3"
